{
  "name": "e2e-observer",
  "version": "1.0.0",
  "lockfileVersion": 3,
  "requires": true,
  "packages": {
    "": {
      "name": "e2e-observer",
      "version": "1.0.0",
      "license": "UNLICENSED",
      "dependencies": {
        "cursusdb-observer-node": "^1.0.4"
      }
    },
    "node_modules/cursusdb-observer-node": {
      "version": "1.0.4",
      "resolved": "https://registry.npmjs.org/cursusdb-observer-node/-/cursusdb-observer-node-1.0.4.tgz",
      "integrity": "sha512-YmYIGmolAtGqL2v9afPEfkrXJ2IGe6ehvYPMTY7cm9FvRK+jW9uiQRZe5AuYG8mp8XuPqDAOP8oBtLWktzgDow=="
    }
  }
}
